
Microsoft Visual Studio Solution File, Format Version 12.00
# Visual Studio Version 17
VisualStudioVersion = 17.7.34031.279
MinimumVisualStudioVersion = 10.0.40219.1
Project("{FAE04EC0-301F-11D3-BF4B-00C04F79EFBC}") = "EdgeTTS", "EdgeTTS.csproj", "{892F28B0-531C-4292-A6DB-14FEBCB65CBF}"
EndProject
Project("{FAE04EC0-301F-11D3-BF4B-00C04F79EFBC}") = "edge-tts", "..\edge-tts\edge-tts.csproj", "{B850C463-2E51-4EC6-A713-685510BD9807}"
EndProject
Global
	GlobalSection(SolutionConfigurationPlatforms) = preSolution
		Debug|Any CPU = Debug|Any CPU
		Release|Any CPU = Release|Any CPU
	EndGlobalSection
	GlobalSection(ProjectConfigurationPlatforms) = postSolution
		{892F28B0-531C-4292-A6DB-14FEBCB65CBF}.Debug|Any CPU.ActiveCfg = Debug|Any CPU
		{892F28B0-531C-4292-A6DB-14FEBCB65CBF}.Debug|Any CPU.Build.0 = Debug|Any CPU
		{892F28B0-531C-4292-A6DB-14FEBCB65CBF}.Release|Any CPU.ActiveCfg = Release|Any CPU
		{892F28B0-531C-4292-A6DB-14FEBCB65CBF}.Release|Any CPU.Build.0 = Release|Any CPU
		{B850C463-2E51-4EC6-A713-685510BD9807}.Debug|Any CPU.ActiveCfg = Debug|Any CPU
		{B850C463-2E51-4EC6-A713-685510BD9807}.Debug|Any CPU.Build.0 = Debug|Any CPU
		{B850C463-2E51-4EC6-A713-685510BD9807}.Release|Any CPU.ActiveCfg = Release|Any CPU
		{B850C463-2E51-4EC6-A713-685510BD9807}.Release|Any CPU.Build.0 = Release|Any CPU
	EndGlobalSection
	GlobalSection(SolutionProperties) = preSolution
		HideSolutionNode = FALSE
	EndGlobalSection
	GlobalSection(ExtensibilityGlobals) = postSolution
		SolutionGuid = {F9D5CAB9-DD9F-49FE-B611-8C2EBEEBD505}
	EndGlobalSection
EndGlobal
